
Microsoft Visual Studio Solution File, Format Version 11.00
# Visual Studio 2010
Project("{8BC9CEB8-8B4A-11D0-8D11-00A0C91BC942}") = "ChangeCodingContest", "ChangeCodingContest.vcxproj", "{7CF0C18E-D662-4E8C-B4B9-6E20FB39D378}"
EndProject
Global
	GlobalSection(SolutionConfigurationPlatforms) = preSolution
		Debug|Win32 = Debug|Win32
		Release|Win32 = Release|Win32
	EndGlobalSection
	GlobalSection(ProjectConfigurationPlatforms) = postSolution
		{7CF0C18E-D662-4E8C-B4B9-6E20FB39D378}.Debug|Win32.ActiveCfg = Debug|Win32
		{7CF0C18E-D662-4E8C-B4B9-6E20FB39D378}.Debug|Win32.Build.0 = Debug|Win32
		{7CF0C18E-D662-4E8C-B4B9-6E20FB39D378}.Release|Win32.ActiveCfg = Release|Win32
		{7CF0C18E-D662-4E8C-B4B9-6E20FB39D378}.Release|Win32.Build.0 = Release|Win32
	EndGlobalSection
	GlobalSection(SolutionProperties) = preSolution
		HideSolutionNode = FALSE
	EndGlobalSection
EndGlobal
